
Microsoft Visual Studio Solution File, Format Version 12.00
# Visual Studio Version 16
VisualStudioVersion = 16.0.32126.315
MinimumVisualStudioVersion = 10.0.40219.1
Project("{F184B08F-C81C-45F6-A57F-5ABD9991F28F}") = "AutoPlus", "AutoPlus\AutoPlus.vbproj", "{4351864F-D21B-416E-986F-469EE0416458}"
EndProject
Project("{2150E333-8FDC-42A3-9474-1A3956D46DE8}") = "Autoplus.Web", "Autoplus.Web", "{C73372E4-4BDF-4E9D-A766-2DA07BD98F54}"
EndProject
Project("{2150E333-8FDC-42A3-9474-1A3956D46DE8}") = "AutoPlus.Data", "AutoPlus.Data", "{3307CD8C-8978-4FE4-BB86-B061B6172609}"
EndProject
Project("{FAE04EC0-301F-11D3-BF4B-00C04F79EFBC}") = "Services", "Services\Services.csproj", "{DF22AFCC-22E3-4D89-B0D4-73AFD5B6A9EB}"
EndProject
Project("{FAE04EC0-301F-11D3-BF4B-00C04F79EFBC}") = "Objects", "Object\Objects.csproj", "{1F34808E-7707-4FD0-9C05-EB507572F6DF}"
EndProject
Global
	GlobalSection(SolutionConfigurationPlatforms) = preSolution
		Debug|Any CPU = Debug|Any CPU
		Release|Any CPU = Release|Any CPU
	EndGlobalSection
	GlobalSection(ProjectConfigurationPlatforms) = postSolution
		{4351864F-D21B-416E-986F-469EE0416458}.Debug|Any CPU.ActiveCfg = Debug|Any CPU
		{4351864F-D21B-416E-986F-469EE0416458}.Debug|Any CPU.Build.0 = Debug|Any CPU
		{4351864F-D21B-416E-986F-469EE0416458}.Release|Any CPU.ActiveCfg = Release|Any CPU
		{4351864F-D21B-416E-986F-469EE0416458}.Release|Any CPU.Build.0 = Release|Any CPU
		{DF22AFCC-22E3-4D89-B0D4-73AFD5B6A9EB}.Debug|Any CPU.ActiveCfg = Debug|Any CPU
		{DF22AFCC-22E3-4D89-B0D4-73AFD5B6A9EB}.Debug|Any CPU.Build.0 = Debug|Any CPU
		{DF22AFCC-22E3-4D89-B0D4-73AFD5B6A9EB}.Release|Any CPU.ActiveCfg = Release|Any CPU
		{DF22AFCC-22E3-4D89-B0D4-73AFD5B6A9EB}.Release|Any CPU.Build.0 = Release|Any CPU
		{1F34808E-7707-4FD0-9C05-EB507572F6DF}.Debug|Any CPU.ActiveCfg = Debug|Any CPU
		{1F34808E-7707-4FD0-9C05-EB507572F6DF}.Debug|Any CPU.Build.0 = Debug|Any CPU
		{1F34808E-7707-4FD0-9C05-EB507572F6DF}.Release|Any CPU.ActiveCfg = Release|Any CPU
		{1F34808E-7707-4FD0-9C05-EB507572F6DF}.Release|Any CPU.Build.0 = Release|Any CPU
	EndGlobalSection
	GlobalSection(SolutionProperties) = preSolution
		HideSolutionNode = FALSE
	EndGlobalSection
	GlobalSection(NestedProjects) = preSolution
		{4351864F-D21B-416E-986F-469EE0416458} = {C73372E4-4BDF-4E9D-A766-2DA07BD98F54}
		{DF22AFCC-22E3-4D89-B0D4-73AFD5B6A9EB} = {3307CD8C-8978-4FE4-BB86-B061B6172609}
		{1F34808E-7707-4FD0-9C05-EB507572F6DF} = {3307CD8C-8978-4FE4-BB86-B061B6172609}
	EndGlobalSection
	GlobalSection(ExtensibilityGlobals) = postSolution
		SolutionGuid = {1FD7DF51-4192-4260-A985-08F23E92B663}
	EndGlobalSection
EndGlobal
